
Microsoft Visual Studio Solution File, Format Version 12.00
# Visual Studio Version 16
VisualStudioVersion = 16.0.29503.13
MinimumVisualStudioVersion = 10.0.40219.1
Project("{8BC9CEB8-8B4A-11D0-8D11-00A0C91BC942}") = "CADEMA_MATVIDII", "CADEMA_MATVIDII\CADEMA_MATVIDII.vcxproj", "{4CBE938D-5D39-4A67-B8E9-310F077CEF52}"
EndProject
Global
	GlobalSection(SolutionConfigurationPlatforms) = preSolution
		Debug|x64 = Debug|x64
		Debug|x86 = Debug|x86
		Release|x64 = Release|x64
		Release|x86 = Release|x86
	EndGlobalSection
	GlobalSection(ProjectConfigurationPlatforms) = postSolution
		{4CBE938D-5D39-4A67-B8E9-310F077CEF52}.Debug|x64.ActiveCfg = Debug|x64
		{4CBE938D-5D39-4A67-B8E9-310F077CEF52}.Debug|x64.Build.0 = Debug|x64
		{4CBE938D-5D39-4A67-B8E9-310F077CEF52}.Debug|x86.ActiveCfg = Debug|Win32
		{4CBE938D-5D39-4A67-B8E9-310F077CEF52}.Debug|x86.Build.0 = Debug|Win32
		{4CBE938D-5D39-4A67-B8E9-310F077CEF52}.Release|x64.ActiveCfg = Release|x64
		{4CBE938D-5D39-4A67-B8E9-310F077CEF52}.Release|x64.Build.0 = Release|x64
		{4CBE938D-5D39-4A67-B8E9-310F077CEF52}.Release|x86.ActiveCfg = Release|Win32
		{4CBE938D-5D39-4A67-B8E9-310F077CEF52}.Release|x86.Build.0 = Release|Win32
	EndGlobalSection
	GlobalSection(SolutionProperties) = preSolution
		HideSolutionNode = FALSE
	EndGlobalSection
	GlobalSection(ExtensibilityGlobals) = postSolution
		SolutionGuid = {50EF9C39-76AA-482E-B206-987B1EF4D99E}
	EndGlobalSection
EndGlobal
